
Microsoft Visual Studio Solution File, Format Version 12.00
# Visual Studio 15
VisualStudioVersion = 15.0.26124.0
MinimumVisualStudioVersion = 15.0.26124.0
Project("{FAE04EC0-301F-11D3-BF4B-00C04F79EFBC}") = "Songhay.DataAccess", "Songhay.DataAccess\Songhay.DataAccess.csproj", "{AF5ECFE9-3919-42CF-9947-3ABB51276C02}"
EndProject
Project("{FAE04EC0-301F-11D3-BF4B-00C04F79EFBC}") = "Songhay.DataAccess.Tests", "Songhay.DataAccess.Tests\Songhay.DataAccess.Tests.csproj", "{9346C6D6-6B09-4384-AD69-08F277D612A5}"
EndProject
Project("{FAE04EC0-301F-11D3-BF4B-00C04F79EFBC}") = "Songhay.Northwind.DataAccess", "Songhay.Northwind.DataAccess\Songhay.Northwind.DataAccess.csproj", "{C1F07D0B-9010-4C29-9DC4-629905F2DFD7}"
EndProject
Global
	GlobalSection(SolutionConfigurationPlatforms) = preSolution
		Debug|Any CPU = Debug|Any CPU
		Debug|x64 = Debug|x64
		Debug|x86 = Debug|x86
		Release|Any CPU = Release|Any CPU
		Release|x64 = Release|x64
		Release|x86 = Release|x86
	EndGlobalSection
	GlobalSection(ProjectConfigurationPlatforms) = postSolution
		{AF5ECFE9-3919-42CF-9947-3ABB51276C02}.Debug|Any CPU.ActiveCfg = Debug|Any CPU
		{AF5ECFE9-3919-42CF-9947-3ABB51276C02}.Debug|Any CPU.Build.0 = Debug|Any CPU
		{AF5ECFE9-3919-42CF-9947-3ABB51276C02}.Debug|x64.ActiveCfg = Debug|Any CPU
		{AF5ECFE9-3919-42CF-9947-3ABB51276C02}.Debug|x64.Build.0 = Debug|Any CPU
		{AF5ECFE9-3919-42CF-9947-3ABB51276C02}.Debug|x86.ActiveCfg = Debug|Any CPU
		{AF5ECFE9-3919-42CF-9947-3ABB51276C02}.Debug|x86.Build.0 = Debug|Any CPU
		{AF5ECFE9-3919-42CF-9947-3ABB51276C02}.Release|Any CPU.ActiveCfg = Release|Any CPU
		{AF5ECFE9-3919-42CF-9947-3ABB51276C02}.Release|Any CPU.Build.0 = Release|Any CPU
		{AF5ECFE9-3919-42CF-9947-3ABB51276C02}.Release|x64.ActiveCfg = Release|Any CPU
		{AF5ECFE9-3919-42CF-9947-3ABB51276C02}.Release|x64.Build.0 = Release|Any CPU
		{AF5ECFE9-3919-42CF-9947-3ABB51276C02}.Release|x86.ActiveCfg = Release|Any CPU
		{AF5ECFE9-3919-42CF-9947-3ABB51276C02}.Release|x86.Build.0 = Release|Any CPU
		{9346C6D6-6B09-4384-AD69-08F277D612A5}.Debug|Any CPU.ActiveCfg = Debug|Any CPU
		{9346C6D6-6B09-4384-AD69-08F277D612A5}.Debug|Any CPU.Build.0 = Debug|Any CPU
		{9346C6D6-6B09-4384-AD69-08F277D612A5}.Debug|x64.ActiveCfg = Debug|Any CPU
		{9346C6D6-6B09-4384-AD69-08F277D612A5}.Debug|x64.Build.0 = Debug|Any CPU
		{9346C6D6-6B09-4384-AD69-08F277D612A5}.Debug|x86.ActiveCfg = Debug|Any CPU
		{9346C6D6-6B09-4384-AD69-08F277D612A5}.Debug|x86.Build.0 = Debug|Any CPU
		{9346C6D6-6B09-4384-AD69-08F277D612A5}.Release|Any CPU.ActiveCfg = Release|Any CPU
		{9346C6D6-6B09-4384-AD69-08F277D612A5}.Release|Any CPU.Build.0 = Release|Any CPU
		{9346C6D6-6B09-4384-AD69-08F277D612A5}.Release|x64.ActiveCfg = Release|Any CPU
		{9346C6D6-6B09-4384-AD69-08F277D612A5}.Release|x64.Build.0 = Release|Any CPU
		{9346C6D6-6B09-4384-AD69-08F277D612A5}.Release|x86.ActiveCfg = Release|Any CPU
		{9346C6D6-6B09-4384-AD69-08F277D612A5}.Release|x86.Build.0 = Release|Any CPU
		{C1F07D0B-9010-4C29-9DC4-629905F2DFD7}.Debug|Any CPU.ActiveCfg = Debug|Any CPU
		{C1F07D0B-9010-4C29-9DC4-629905F2DFD7}.Debug|Any CPU.Build.0 = Debug|Any CPU
		{C1F07D0B-9010-4C29-9DC4-629905F2DFD7}.Debug|x64.ActiveCfg = Debug|Any CPU
		{C1F07D0B-9010-4C29-9DC4-629905F2DFD7}.Debug|x64.Build.0 = Debug|Any CPU
		{C1F07D0B-9010-4C29-9DC4-629905F2DFD7}.Debug|x86.ActiveCfg = Debug|Any CPU
		{C1F07D0B-9010-4C29-9DC4-629905F2DFD7}.Debug|x86.Build.0 = Debug|Any CPU
		{C1F07D0B-9010-4C29-9DC4-629905F2DFD7}.Release|Any CPU.ActiveCfg = Release|Any CPU
		{C1F07D0B-9010-4C29-9DC4-629905F2DFD7}.Release|Any CPU.Build.0 = Release|Any CPU
		{C1F07D0B-9010-4C29-9DC4-629905F2DFD7}.Release|x64.ActiveCfg = Release|Any CPU
		{C1F07D0B-9010-4C29-9DC4-629905F2DFD7}.Release|x64.Build.0 = Release|Any CPU
		{C1F07D0B-9010-4C29-9DC4-629905F2DFD7}.Release|x86.ActiveCfg = Release|Any CPU
		{C1F07D0B-9010-4C29-9DC4-629905F2DFD7}.Release|x86.Build.0 = Release|Any CPU
	EndGlobalSection
	GlobalSection(SolutionProperties) = preSolution
		HideSolutionNode = FALSE
	EndGlobalSection
EndGlobal
